
Microsoft Visual Studio Solution File, Format Version 12.00
# Visual Studio Version 17
VisualStudioVersion = 17.10.34916.146
MinimumVisualStudioVersion = 10.0.40219.1
Project("{9A19103F-16F7-4668-BE54-9A1E7A4F7556}") = "Booking.Accomodation.Application", "src\Booking.Accomodation.Application\Booking.Accomodation.Application.csproj", "{40CFEFF8-5A80-4E65-8897-6F488A6D7CEF}"
EndProject
Project("{9A19103F-16F7-4668-BE54-9A1E7A4F7556}") = "Booking.Accomodation.Domain", "src\Booking.Accomodation.Domain\Booking.Accomodation.Domain.csproj", "{49038E8F-C9A3-4E30-913B-A75A8A6BAAEB}"
EndProject
Project("{9A19103F-16F7-4668-BE54-9A1E7A4F7556}") = "Booking.Accomodation.Infrastructure", "src\Booking.Accomodation.Infrastructure\Booking.Accomodation.Infrastructure.csproj", "{74663085-32F0-45EE-A155-FBB3220A4CB5}"
EndProject
Project("{9A19103F-16F7-4668-BE54-9A1E7A4F7556}") = "Booking.Accomodation.Presentation", "src\Booking.Accomodation.Presentation\Booking.Accomodation.Presentation.csproj", "{D7D863E7-465F-4396-A276-B06F642B6B3E}"
EndProject
Project("{9A19103F-16F7-4668-BE54-9A1E7A4F7556}") = "Accommodation.Api", "src\Accommodation.Api\Accommodation.Api.csproj", "{A2D8383E-B540-45B3-A00F-BCD091557E33}"
EndProject
Project("{2150E333-8FDC-42A3-9474-1A3956D46DE8}") = "BuildingBlocks", "BuildingBlocks", "{B39884AD-F3CC-44A7-AC46-16DC3852A6A4}"
EndProject
Project("{2150E333-8FDC-42A3-9474-1A3956D46DE8}") = "IntegrationEvents", "IntegrationEvents", "{F27F7A24-BB5E-4484-8E77-9671D33B6A91}"
EndProject
Project("{2150E333-8FDC-42A3-9474-1A3956D46DE8}") = "Shared", "Shared", "{DBFF4074-35E9-4F5A-A7DE-A878631A49B2}"
EndProject
Project("{9A19103F-16F7-4668-BE54-9A1E7A4F7556}") = "Booking.BuildingBlocks.Application", "src\Shared\BuildingBlocks\Booking.BuildingBlocks.Application\Booking.BuildingBlocks.Application.csproj", "{FC35B99B-D268-4E67-8CC2-69AC94A53AB3}"
EndProject
Project("{9A19103F-16F7-4668-BE54-9A1E7A4F7556}") = "Booking.BuildingBlocks.Domain", "src\Shared\BuildingBlocks\Booking.BuildingBlocks.Domain\Booking.BuildingBlocks.Domain.csproj", "{DC9555FA-2A39-4E41-95D9-B8E05B616478}"
EndProject
Project("{9A19103F-16F7-4668-BE54-9A1E7A4F7556}") = "Booking.BuildingBlocks.Infrastructure", "src\Shared\BuildingBlocks\Booking.BuildingBlocks.Infrastructure\Booking.BuildingBlocks.Infrastructure.csproj", "{A98F4EAA-5C7C-44EF-9736-293869AE0CAE}"
EndProject
Project("{9A19103F-16F7-4668-BE54-9A1E7A4F7556}") = "Booking.BuildingBlocks.Presentation", "src\Shared\BuildingBlocks\Booking.BuildingBlocks.Presentation\Booking.BuildingBlocks.Presentation.csproj", "{B2B30BEC-1401-49BD-BB6E-E08647A266FC}"
EndProject
Project("{9A19103F-16F7-4668-BE54-9A1E7A4F7556}") = "Booking.Accomodation.IntegrationEvents", "src\Shared\IntegrationEvents\Booking.Accomodation.IntegrationEvents\Booking.Accomodation.IntegrationEvents.csproj", "{0E230915-B224-482F-BAA6-E44352452B72}"
EndProject
Project("{9A19103F-16F7-4668-BE54-9A1E7A4F7556}") = "Booking.Commerce.IntegrationEvents", "src\Shared\IntegrationEvents\Booking.Commerce.IntegrationEvents\Booking.Commerce.IntegrationEvents.csproj", "{52ABFEE8-FD54-4EAC-949A-9952448AC664}"
EndProject
Project("{9A19103F-16F7-4668-BE54-9A1E7A4F7556}") = "Booking.UserAccess.IntegrationEvents", "src\Shared\IntegrationEvents\Booking.UserAccess.IntegrationEvents\Booking.UserAccess.IntegrationEvents.csproj", "{7CAAC3FB-4D24-4267-88EE-0DF94BEE46EB}"
EndProject
Global
	GlobalSection(SolutionConfigurationPlatforms) = preSolution
		Debug|Any CPU = Debug|Any CPU
		Release|Any CPU = Release|Any CPU
	EndGlobalSection
	GlobalSection(ProjectConfigurationPlatforms) = postSolution
		{40CFEFF8-5A80-4E65-8897-6F488A6D7CEF}.Debug|Any CPU.ActiveCfg = Debug|Any CPU
		{40CFEFF8-5A80-4E65-8897-6F488A6D7CEF}.Debug|Any CPU.Build.0 = Debug|Any CPU
		{40CFEFF8-5A80-4E65-8897-6F488A6D7CEF}.Release|Any CPU.ActiveCfg = Release|Any CPU
		{40CFEFF8-5A80-4E65-8897-6F488A6D7CEF}.Release|Any CPU.Build.0 = Release|Any CPU
		{49038E8F-C9A3-4E30-913B-A75A8A6BAAEB}.Debug|Any CPU.ActiveCfg = Debug|Any CPU
		{49038E8F-C9A3-4E30-913B-A75A8A6BAAEB}.Debug|Any CPU.Build.0 = Debug|Any CPU
		{49038E8F-C9A3-4E30-913B-A75A8A6BAAEB}.Release|Any CPU.ActiveCfg = Release|Any CPU
		{49038E8F-C9A3-4E30-913B-A75A8A6BAAEB}.Release|Any CPU.Build.0 = Release|Any CPU
		{74663085-32F0-45EE-A155-FBB3220A4CB5}.Debug|Any CPU.ActiveCfg = Debug|Any CPU
		{74663085-32F0-45EE-A155-FBB3220A4CB5}.Debug|Any CPU.Build.0 = Debug|Any CPU
		{74663085-32F0-45EE-A155-FBB3220A4CB5}.Release|Any CPU.ActiveCfg = Release|Any CPU
		{74663085-32F0-45EE-A155-FBB3220A4CB5}.Release|Any CPU.Build.0 = Release|Any CPU
		{D7D863E7-465F-4396-A276-B06F642B6B3E}.Debug|Any CPU.ActiveCfg = Debug|Any CPU
		{D7D863E7-465F-4396-A276-B06F642B6B3E}.Debug|Any CPU.Build.0 = Debug|Any CPU
		{D7D863E7-465F-4396-A276-B06F642B6B3E}.Release|Any CPU.ActiveCfg = Release|Any CPU
		{D7D863E7-465F-4396-A276-B06F642B6B3E}.Release|Any CPU.Build.0 = Release|Any CPU
		{A2D8383E-B540-45B3-A00F-BCD091557E33}.Debug|Any CPU.ActiveCfg = Debug|Any CPU
		{A2D8383E-B540-45B3-A00F-BCD091557E33}.Debug|Any CPU.Build.0 = Debug|Any CPU
		{A2D8383E-B540-45B3-A00F-BCD091557E33}.Release|Any CPU.ActiveCfg = Release|Any CPU
		{A2D8383E-B540-45B3-A00F-BCD091557E33}.Release|Any CPU.Build.0 = Release|Any CPU
		{FC35B99B-D268-4E67-8CC2-69AC94A53AB3}.Debug|Any CPU.ActiveCfg = Debug|Any CPU
		{FC35B99B-D268-4E67-8CC2-69AC94A53AB3}.Debug|Any CPU.Build.0 = Debug|Any CPU
		{FC35B99B-D268-4E67-8CC2-69AC94A53AB3}.Release|Any CPU.ActiveCfg = Release|Any CPU
		{FC35B99B-D268-4E67-8CC2-69AC94A53AB3}.Release|Any CPU.Build.0 = Release|Any CPU
		{DC9555FA-2A39-4E41-95D9-B8E05B616478}.Debug|Any CPU.ActiveCfg = Debug|Any CPU
		{DC9555FA-2A39-4E41-95D9-B8E05B616478}.Debug|Any CPU.Build.0 = Debug|Any CPU
		{DC9555FA-2A39-4E41-95D9-B8E05B616478}.Release|Any CPU.ActiveCfg = Release|Any CPU
		{DC9555FA-2A39-4E41-95D9-B8E05B616478}.Release|Any CPU.Build.0 = Release|Any CPU
		{A98F4EAA-5C7C-44EF-9736-293869AE0CAE}.Debug|Any CPU.ActiveCfg = Debug|Any CPU
		{A98F4EAA-5C7C-44EF-9736-293869AE0CAE}.Debug|Any CPU.Build.0 = Debug|Any CPU
		{A98F4EAA-5C7C-44EF-9736-293869AE0CAE}.Release|Any CPU.ActiveCfg = Release|Any CPU
		{A98F4EAA-5C7C-44EF-9736-293869AE0CAE}.Release|Any CPU.Build.0 = Release|Any CPU
		{B2B30BEC-1401-49BD-BB6E-E08647A266FC}.Debug|Any CPU.ActiveCfg = Debug|Any CPU
		{B2B30BEC-1401-49BD-BB6E-E08647A266FC}.Debug|Any CPU.Build.0 = Debug|Any CPU
		{B2B30BEC-1401-49BD-BB6E-E08647A266FC}.Release|Any CPU.ActiveCfg = Release|Any CPU
		{B2B30BEC-1401-49BD-BB6E-E08647A266FC}.Release|Any CPU.Build.0 = Release|Any CPU
		{0E230915-B224-482F-BAA6-E44352452B72}.Debug|Any CPU.ActiveCfg = Debug|Any CPU
		{0E230915-B224-482F-BAA6-E44352452B72}.Debug|Any CPU.Build.0 = Debug|Any CPU
		{0E230915-B224-482F-BAA6-E44352452B72}.Release|Any CPU.ActiveCfg = Release|Any CPU
		{0E230915-B224-482F-BAA6-E44352452B72}.Release|Any CPU.Build.0 = Release|Any CPU
		{52ABFEE8-FD54-4EAC-949A-9952448AC664}.Debug|Any CPU.ActiveCfg = Debug|Any CPU
		{52ABFEE8-FD54-4EAC-949A-9952448AC664}.Debug|Any CPU.Build.0 = Debug|Any CPU
		{52ABFEE8-FD54-4EAC-949A-9952448AC664}.Release|Any CPU.ActiveCfg = Release|Any CPU
		{52ABFEE8-FD54-4EAC-949A-9952448AC664}.Release|Any CPU.Build.0 = Release|Any CPU
		{7CAAC3FB-4D24-4267-88EE-0DF94BEE46EB}.Debug|Any CPU.ActiveCfg = Debug|Any CPU
		{7CAAC3FB-4D24-4267-88EE-0DF94BEE46EB}.Debug|Any CPU.Build.0 = Debug|Any CPU
		{7CAAC3FB-4D24-4267-88EE-0DF94BEE46EB}.Release|Any CPU.ActiveCfg = Release|Any CPU
		{7CAAC3FB-4D24-4267-88EE-0DF94BEE46EB}.Release|Any CPU.Build.0 = Release|Any CPU
	EndGlobalSection
	GlobalSection(SolutionProperties) = preSolution
		HideSolutionNode = FALSE
	EndGlobalSection
	GlobalSection(NestedProjects) = preSolution
		{B39884AD-F3CC-44A7-AC46-16DC3852A6A4} = {DBFF4074-35E9-4F5A-A7DE-A878631A49B2}
		{F27F7A24-BB5E-4484-8E77-9671D33B6A91} = {DBFF4074-35E9-4F5A-A7DE-A878631A49B2}
		{FC35B99B-D268-4E67-8CC2-69AC94A53AB3} = {B39884AD-F3CC-44A7-AC46-16DC3852A6A4}
		{DC9555FA-2A39-4E41-95D9-B8E05B616478} = {B39884AD-F3CC-44A7-AC46-16DC3852A6A4}
		{A98F4EAA-5C7C-44EF-9736-293869AE0CAE} = {B39884AD-F3CC-44A7-AC46-16DC3852A6A4}
		{B2B30BEC-1401-49BD-BB6E-E08647A266FC} = {B39884AD-F3CC-44A7-AC46-16DC3852A6A4}
		{0E230915-B224-482F-BAA6-E44352452B72} = {F27F7A24-BB5E-4484-8E77-9671D33B6A91}
		{52ABFEE8-FD54-4EAC-949A-9952448AC664} = {F27F7A24-BB5E-4484-8E77-9671D33B6A91}
		{7CAAC3FB-4D24-4267-88EE-0DF94BEE46EB} = {F27F7A24-BB5E-4484-8E77-9671D33B6A91}
	EndGlobalSection
	GlobalSection(ExtensibilityGlobals) = postSolution
		SolutionGuid = {ABA8418B-5182-4104-9F04-6FCB00740627}
	EndGlobalSection
EndGlobal
